
Microsoft Visual Studio Solution File, Format Version 12.00
# Visual Studio 2013
VisualStudioVersion = 12.0.40629.0
MinimumVisualStudioVersion = 10.0.40219.1
Project("{FAE04EC0-301F-11D3-BF4B-00C04F79EFBC}") = "Blaze", "Blaze\Blaze.csproj", "{25051945-A08F-4E51-A7DC-C6190624A93F}"
EndProject
Project("{FAE04EC0-301F-11D3-BF4B-00C04F79EFBC}") = "DataModel", "DataModel\DataModel.csproj", "{7EA4191F-1D14-4435-A857-1A462844C8DF}"
EndProject
Project("{FAE04EC0-301F-11D3-BF4B-00C04F79EFBC}") = "Blaze.Engine", "BusinessServices\Blaze.Engine.csproj", "{7CDC3E7F-1823-497E-802D-1FEB4D0D0CAA}"
EndProject
Project("{FAE04EC0-301F-11D3-BF4B-00C04F79EFBC}") = "BusinessEntities", "BusinessEntities\BusinessEntities.csproj", "{74E4CCCD-93DF-4646-8110-DFE373343960}"
EndProject
Project("{FAE04EC0-301F-11D3-BF4B-00C04F79EFBC}") = "SqlForge", "SqlForge\SqlForge.csproj", "{B4E9B79B-30F2-42C6-9031-20EA5A905826}"
EndProject
Project("{FAE04EC0-301F-11D3-BF4B-00C04F79EFBC}") = "Dip", "Dip\Dip.csproj", "{7458636F-B6A9-4F11-8921-1F70F717E1A9}"
EndProject
Project("{FAE04EC0-301F-11D3-BF4B-00C04F79EFBC}") = "TestBlaze", "TestBlaze\TestBlaze.csproj", "{4018873A-129D-41B7-858F-D8ECE9D13CBC}"
EndProject
Global
	GlobalSection(SolutionConfigurationPlatforms) = preSolution
		Debug|Any CPU = Debug|Any CPU
		Release|Any CPU = Release|Any CPU
	EndGlobalSection
	GlobalSection(ProjectConfigurationPlatforms) = postSolution
		{25051945-A08F-4E51-A7DC-C6190624A93F}.Debug|Any CPU.ActiveCfg = Debug|Any CPU
		{25051945-A08F-4E51-A7DC-C6190624A93F}.Debug|Any CPU.Build.0 = Debug|Any CPU
		{25051945-A08F-4E51-A7DC-C6190624A93F}.Release|Any CPU.ActiveCfg = Release|Any CPU
		{25051945-A08F-4E51-A7DC-C6190624A93F}.Release|Any CPU.Build.0 = Release|Any CPU
		{7EA4191F-1D14-4435-A857-1A462844C8DF}.Debug|Any CPU.ActiveCfg = Debug|Any CPU
		{7EA4191F-1D14-4435-A857-1A462844C8DF}.Debug|Any CPU.Build.0 = Debug|Any CPU
		{7EA4191F-1D14-4435-A857-1A462844C8DF}.Release|Any CPU.ActiveCfg = Release|Any CPU
		{7EA4191F-1D14-4435-A857-1A462844C8DF}.Release|Any CPU.Build.0 = Release|Any CPU
		{7CDC3E7F-1823-497E-802D-1FEB4D0D0CAA}.Debug|Any CPU.ActiveCfg = Debug|Any CPU
		{7CDC3E7F-1823-497E-802D-1FEB4D0D0CAA}.Debug|Any CPU.Build.0 = Debug|Any CPU
		{7CDC3E7F-1823-497E-802D-1FEB4D0D0CAA}.Release|Any CPU.ActiveCfg = Release|Any CPU
		{7CDC3E7F-1823-497E-802D-1FEB4D0D0CAA}.Release|Any CPU.Build.0 = Release|Any CPU
		{74E4CCCD-93DF-4646-8110-DFE373343960}.Debug|Any CPU.ActiveCfg = Debug|Any CPU
		{74E4CCCD-93DF-4646-8110-DFE373343960}.Debug|Any CPU.Build.0 = Debug|Any CPU
		{74E4CCCD-93DF-4646-8110-DFE373343960}.Release|Any CPU.ActiveCfg = Release|Any CPU
		{74E4CCCD-93DF-4646-8110-DFE373343960}.Release|Any CPU.Build.0 = Release|Any CPU
		{B4E9B79B-30F2-42C6-9031-20EA5A905826}.Debug|Any CPU.ActiveCfg = Debug|Any CPU
		{B4E9B79B-30F2-42C6-9031-20EA5A905826}.Debug|Any CPU.Build.0 = Debug|Any CPU
		{B4E9B79B-30F2-42C6-9031-20EA5A905826}.Release|Any CPU.ActiveCfg = Release|Any CPU
		{B4E9B79B-30F2-42C6-9031-20EA5A905826}.Release|Any CPU.Build.0 = Release|Any CPU
		{7458636F-B6A9-4F11-8921-1F70F717E1A9}.Debug|Any CPU.ActiveCfg = Debug|Any CPU
		{7458636F-B6A9-4F11-8921-1F70F717E1A9}.Debug|Any CPU.Build.0 = Debug|Any CPU
		{7458636F-B6A9-4F11-8921-1F70F717E1A9}.Release|Any CPU.ActiveCfg = Release|Any CPU
		{7458636F-B6A9-4F11-8921-1F70F717E1A9}.Release|Any CPU.Build.0 = Release|Any CPU
		{4018873A-129D-41B7-858F-D8ECE9D13CBC}.Debug|Any CPU.ActiveCfg = Debug|Any CPU
		{4018873A-129D-41B7-858F-D8ECE9D13CBC}.Debug|Any CPU.Build.0 = Debug|Any CPU
		{4018873A-129D-41B7-858F-D8ECE9D13CBC}.Release|Any CPU.ActiveCfg = Release|Any CPU
		{4018873A-129D-41B7-858F-D8ECE9D13CBC}.Release|Any CPU.Build.0 = Release|Any CPU
	EndGlobalSection
	GlobalSection(SolutionProperties) = preSolution
		HideSolutionNode = FALSE
	EndGlobalSection
EndGlobal
