
Microsoft Visual Studio Solution File, Format Version 12.00
# Visual Studio 15
VisualStudioVersion = 15.0.26228.12
MinimumVisualStudioVersion = 10.0.40219.1
Project("{FAE04EC0-301F-11D3-BF4B-00C04F79EFBC}") = "Pyro.Web", "Pyro.Web\Pyro.Web.csproj", "{25051945-A08F-4E51-A7DC-C6190624A93F}"
EndProject
Project("{FAE04EC0-301F-11D3-BF4B-00C04F79EFBC}") = "Pyro.DataModel", "Pyro.DataModel\Pyro.DataModel.csproj", "{7EA4191F-1D14-4435-A857-1A462844C8DF}"
EndProject
Project("{FAE04EC0-301F-11D3-BF4B-00C04F79EFBC}") = "Pyro.Engine", "Pyro.Engine\Pyro.Engine.csproj", "{7CDC3E7F-1823-497E-802D-1FEB4D0D0CAA}"
EndProject
Project("{FAE04EC0-301F-11D3-BF4B-00C04F79EFBC}") = "Pyro.Common", "Pyro.Common\Pyro.Common.csproj", "{7458636F-B6A9-4F11-8921-1F70F717E1A9}"
EndProject
Project("{FAE04EC0-301F-11D3-BF4B-00C04F79EFBC}") = "Pyro.Test", "Pyro.Test\Pyro.Test.csproj", "{4018873A-129D-41B7-858F-D8ECE9D13CBC}"
EndProject
Project("{FAE04EC0-301F-11D3-BF4B-00C04F79EFBC}") = "Pyro.CodeGenerationSupport", "Pyro.CodeGenerationSupport\Pyro.CodeGenerationSupport.csproj", "{DFE33B5B-4EBD-4479-87F4-AEA690C3829A}"
EndProject
Project("{FAE04EC0-301F-11D3-BF4B-00C04F79EFBC}") = "Pyro.Test_CodeGeneration", "Pyro.Test_CodeGeneration\Pyro.Test_CodeGeneration.csproj", "{0001A52A-E155-45CE-A014-BA9BA1E3BB41}"
EndProject
Project("{2150E333-8FDC-42A3-9474-1A3956D46DE8}") = "Solution Items", "Solution Items", "{C3BA05BC-B1BA-48B4-B77B-FCF4548596FD}"
	ProjectSection(SolutionItems) = preProject
		README.md = README.md
		VersionInfo.cs = VersionInfo.cs
	EndProjectSection
EndProject
Project("{FAE04EC0-301F-11D3-BF4B-00C04F79EFBC}") = "Pyro.ConsoleServer", "Pyro.ConsoleServer\Pyro.ConsoleServer.csproj", "{2CC93025-68B0-40C4-90AC-CFD9989BB0FD}"
EndProject
Project("{FAE04EC0-301F-11D3-BF4B-00C04F79EFBC}") = "Pyro.DataLayer", "Pyro.DataLayer\Pyro.DataLayer.csproj", "{ED443624-3BCA-44A2-AD32-CEA9CD47E9A7}"
EndProject
Project("{FAE04EC0-301F-11D3-BF4B-00C04F79EFBC}") = "Pyro.CodeGeneration", "Pyro.CodeGeneration\Pyro.CodeGeneration.csproj", "{55EAF68B-2788-45A0-BECF-38DA3D7944C3}"
EndProject
Global
	GlobalSection(SolutionConfigurationPlatforms) = preSolution
		Debug|Any CPU = Debug|Any CPU
		Release|Any CPU = Release|Any CPU
	EndGlobalSection
	GlobalSection(ProjectConfigurationPlatforms) = postSolution
		{25051945-A08F-4E51-A7DC-C6190624A93F}.Debug|Any CPU.ActiveCfg = Debug|Any CPU
		{25051945-A08F-4E51-A7DC-C6190624A93F}.Debug|Any CPU.Build.0 = Debug|Any CPU
		{25051945-A08F-4E51-A7DC-C6190624A93F}.Release|Any CPU.ActiveCfg = Release|Any CPU
		{25051945-A08F-4E51-A7DC-C6190624A93F}.Release|Any CPU.Build.0 = Release|Any CPU
		{7EA4191F-1D14-4435-A857-1A462844C8DF}.Debug|Any CPU.ActiveCfg = Debug|Any CPU
		{7EA4191F-1D14-4435-A857-1A462844C8DF}.Debug|Any CPU.Build.0 = Debug|Any CPU
		{7EA4191F-1D14-4435-A857-1A462844C8DF}.Release|Any CPU.ActiveCfg = Release|Any CPU
		{7EA4191F-1D14-4435-A857-1A462844C8DF}.Release|Any CPU.Build.0 = Release|Any CPU
		{7CDC3E7F-1823-497E-802D-1FEB4D0D0CAA}.Debug|Any CPU.ActiveCfg = Debug|Any CPU
		{7CDC3E7F-1823-497E-802D-1FEB4D0D0CAA}.Debug|Any CPU.Build.0 = Debug|Any CPU
		{7CDC3E7F-1823-497E-802D-1FEB4D0D0CAA}.Release|Any CPU.ActiveCfg = Release|Any CPU
		{7CDC3E7F-1823-497E-802D-1FEB4D0D0CAA}.Release|Any CPU.Build.0 = Release|Any CPU
		{7458636F-B6A9-4F11-8921-1F70F717E1A9}.Debug|Any CPU.ActiveCfg = Debug|Any CPU
		{7458636F-B6A9-4F11-8921-1F70F717E1A9}.Debug|Any CPU.Build.0 = Debug|Any CPU
		{7458636F-B6A9-4F11-8921-1F70F717E1A9}.Release|Any CPU.ActiveCfg = Release|Any CPU
		{7458636F-B6A9-4F11-8921-1F70F717E1A9}.Release|Any CPU.Build.0 = Release|Any CPU
		{4018873A-129D-41B7-858F-D8ECE9D13CBC}.Debug|Any CPU.ActiveCfg = Debug|Any CPU
		{4018873A-129D-41B7-858F-D8ECE9D13CBC}.Debug|Any CPU.Build.0 = Debug|Any CPU
		{4018873A-129D-41B7-858F-D8ECE9D13CBC}.Release|Any CPU.ActiveCfg = Release|Any CPU
		{4018873A-129D-41B7-858F-D8ECE9D13CBC}.Release|Any CPU.Build.0 = Release|Any CPU
		{DFE33B5B-4EBD-4479-87F4-AEA690C3829A}.Debug|Any CPU.ActiveCfg = Debug|Any CPU
		{DFE33B5B-4EBD-4479-87F4-AEA690C3829A}.Debug|Any CPU.Build.0 = Debug|Any CPU
		{DFE33B5B-4EBD-4479-87F4-AEA690C3829A}.Release|Any CPU.ActiveCfg = Release|Any CPU
		{DFE33B5B-4EBD-4479-87F4-AEA690C3829A}.Release|Any CPU.Build.0 = Release|Any CPU
		{0001A52A-E155-45CE-A014-BA9BA1E3BB41}.Debug|Any CPU.ActiveCfg = Debug|Any CPU
		{0001A52A-E155-45CE-A014-BA9BA1E3BB41}.Debug|Any CPU.Build.0 = Debug|Any CPU
		{0001A52A-E155-45CE-A014-BA9BA1E3BB41}.Release|Any CPU.ActiveCfg = Release|Any CPU
		{0001A52A-E155-45CE-A014-BA9BA1E3BB41}.Release|Any CPU.Build.0 = Release|Any CPU
		{2CC93025-68B0-40C4-90AC-CFD9989BB0FD}.Debug|Any CPU.ActiveCfg = Debug|Any CPU
		{2CC93025-68B0-40C4-90AC-CFD9989BB0FD}.Debug|Any CPU.Build.0 = Debug|Any CPU
		{2CC93025-68B0-40C4-90AC-CFD9989BB0FD}.Release|Any CPU.ActiveCfg = Release|Any CPU
		{2CC93025-68B0-40C4-90AC-CFD9989BB0FD}.Release|Any CPU.Build.0 = Release|Any CPU
		{ED443624-3BCA-44A2-AD32-CEA9CD47E9A7}.Debug|Any CPU.ActiveCfg = Debug|Any CPU
		{ED443624-3BCA-44A2-AD32-CEA9CD47E9A7}.Debug|Any CPU.Build.0 = Debug|Any CPU
		{ED443624-3BCA-44A2-AD32-CEA9CD47E9A7}.Release|Any CPU.ActiveCfg = Release|Any CPU
		{ED443624-3BCA-44A2-AD32-CEA9CD47E9A7}.Release|Any CPU.Build.0 = Release|Any CPU
		{55EAF68B-2788-45A0-BECF-38DA3D7944C3}.Debug|Any CPU.ActiveCfg = Debug|Any CPU
		{55EAF68B-2788-45A0-BECF-38DA3D7944C3}.Debug|Any CPU.Build.0 = Debug|Any CPU
		{55EAF68B-2788-45A0-BECF-38DA3D7944C3}.Release|Any CPU.ActiveCfg = Release|Any CPU
		{55EAF68B-2788-45A0-BECF-38DA3D7944C3}.Release|Any CPU.Build.0 = Release|Any CPU
	EndGlobalSection
	GlobalSection(SolutionProperties) = preSolution
		HideSolutionNode = FALSE
	EndGlobalSection
EndGlobal
