
Microsoft Visual Studio Solution File, Format Version 12.00
# Visual Studio 15
VisualStudioVersion = 15.0.27130.2003
MinimumVisualStudioVersion = 10.0.40219.1
Project("{FAE04EC0-301F-11D3-BF4B-00C04F79EFBC}") = "Pyro.Engine", "Pyro.Engine\Pyro.Engine.csproj", "{7CDC3E7F-1823-497E-802D-1FEB4D0D0CAA}"
EndProject
Project("{FAE04EC0-301F-11D3-BF4B-00C04F79EFBC}") = "Pyro.Common", "Pyro.Common\Pyro.Common.csproj", "{7458636F-B6A9-4F11-8921-1F70F717E1A9}"
EndProject
Project("{FAE04EC0-301F-11D3-BF4B-00C04F79EFBC}") = "Pyro.Test", "Pyro.Test\Pyro.Test.csproj", "{4018873A-129D-41B7-858F-D8ECE9D13CBC}"
	ProjectSection(ProjectDependencies) = postProject
		{2CC93025-68B0-40C4-90AC-CFD9989BB0FD} = {2CC93025-68B0-40C4-90AC-CFD9989BB0FD}
		{7CDC3E7F-1823-497E-802D-1FEB4D0D0CAA} = {7CDC3E7F-1823-497E-802D-1FEB4D0D0CAA}
	EndProjectSection
EndProject
Project("{2150E333-8FDC-42A3-9474-1A3956D46DE8}") = "Solution Items", "Solution Items", "{C3BA05BC-B1BA-48B4-B77B-FCF4548596FD}"
	ProjectSection(SolutionItems) = preProject
		LICENSE.txt = LICENSE.txt
		README.md = README.md
		VersionInfo.cs = VersionInfo.cs
	EndProjectSection
EndProject
Project("{FAE04EC0-301F-11D3-BF4B-00C04F79EFBC}") = "Pyro.ConsoleServer", "Pyro.ConsoleServer\Pyro.ConsoleServer.csproj", "{2CC93025-68B0-40C4-90AC-CFD9989BB0FD}"
EndProject
Project("{FAE04EC0-301F-11D3-BF4B-00C04F79EFBC}") = "Pyro.DataLayer", "Pyro.DataLayer\Pyro.DataLayer.csproj", "{ED443624-3BCA-44A2-AD32-CEA9CD47E9A7}"
EndProject
Project("{FAE04EC0-301F-11D3-BF4B-00C04F79EFBC}") = "Pyro.CodeGeneration", "Pyro.CodeGeneration\Pyro.CodeGeneration.csproj", "{55EAF68B-2788-45A0-BECF-38DA3D7944C3}"
EndProject
Project("{FAE04EC0-301F-11D3-BF4B-00C04F79EFBC}") = "Pyro.Smart", "Pyro.Smart\Pyro.Smart.csproj", "{AFDCDF8C-9233-446D-88AF-4F3374A1A309}"
EndProject
Project("{FAE04EC0-301F-11D3-BF4B-00C04F79EFBC}") = "Pyro.Smart_Test", "Pyro.Smart_Test\Pyro.Smart_Test.csproj", "{F44594DB-AE1D-42B6-8CCE-DAF8319E4B68}"
EndProject
Project("{FAE04EC0-301F-11D3-BF4B-00C04F79EFBC}") = "Pyro.WebApi", "Pyro.WebApi\Pyro.WebApi.csproj", "{77A13DAD-7097-4A6C-AD52-613F8816CC82}"
	ProjectSection(ProjectDependencies) = postProject
		{E4D0544A-3E7B-43CE-99E8-479436E85175} = {E4D0544A-3E7B-43CE-99E8-479436E85175}
	EndProjectSection
EndProject
Project("{FAE04EC0-301F-11D3-BF4B-00C04F79EFBC}") = "Pyro.ADHA", "Pyro.ADHA\Pyro.ADHA.csproj", "{E6F613E6-7245-4D83-9ED3-D316DC66D0DE}"
EndProject
Project("{FAE04EC0-301F-11D3-BF4B-00C04F79EFBC}") = "Pyro.ADHA_Test", "Pyro.ADHA_Test\Pyro.ADHA_Test.csproj", "{67662B60-8C55-4955-92EF-DACE657B68E7}"
EndProject
Project("{FAE04EC0-301F-11D3-BF4B-00C04F79EFBC}") = "Pyro.Backburner", "Pyro.Backburner\Pyro.Backburner.csproj", "{FFE2C801-DFAD-4E95-A25E-289DF324477A}"
EndProject
Project("{FAE04EC0-301F-11D3-BF4B-00C04F79EFBC}") = "Pyro.DbManager", "Pyro.DbManager\Pyro.DbManager.csproj", "{E4D0544A-3E7B-43CE-99E8-479436E85175}"
EndProject
Global
	GlobalSection(SolutionConfigurationPlatforms) = preSolution
		Debug|Any CPU = Debug|Any CPU
		Release|Any CPU = Release|Any CPU
	EndGlobalSection
	GlobalSection(ProjectConfigurationPlatforms) = postSolution
		{7CDC3E7F-1823-497E-802D-1FEB4D0D0CAA}.Debug|Any CPU.ActiveCfg = Debug|Any CPU
		{7CDC3E7F-1823-497E-802D-1FEB4D0D0CAA}.Debug|Any CPU.Build.0 = Debug|Any CPU
		{7CDC3E7F-1823-497E-802D-1FEB4D0D0CAA}.Release|Any CPU.ActiveCfg = Release|Any CPU
		{7CDC3E7F-1823-497E-802D-1FEB4D0D0CAA}.Release|Any CPU.Build.0 = Release|Any CPU
		{7458636F-B6A9-4F11-8921-1F70F717E1A9}.Debug|Any CPU.ActiveCfg = Debug|Any CPU
		{7458636F-B6A9-4F11-8921-1F70F717E1A9}.Debug|Any CPU.Build.0 = Debug|Any CPU
		{7458636F-B6A9-4F11-8921-1F70F717E1A9}.Release|Any CPU.ActiveCfg = Release|Any CPU
		{7458636F-B6A9-4F11-8921-1F70F717E1A9}.Release|Any CPU.Build.0 = Release|Any CPU
		{4018873A-129D-41B7-858F-D8ECE9D13CBC}.Debug|Any CPU.ActiveCfg = Debug|Any CPU
		{4018873A-129D-41B7-858F-D8ECE9D13CBC}.Debug|Any CPU.Build.0 = Debug|Any CPU
		{4018873A-129D-41B7-858F-D8ECE9D13CBC}.Release|Any CPU.ActiveCfg = Release|Any CPU
		{4018873A-129D-41B7-858F-D8ECE9D13CBC}.Release|Any CPU.Build.0 = Release|Any CPU
		{2CC93025-68B0-40C4-90AC-CFD9989BB0FD}.Debug|Any CPU.ActiveCfg = Debug|Any CPU
		{2CC93025-68B0-40C4-90AC-CFD9989BB0FD}.Debug|Any CPU.Build.0 = Debug|Any CPU
		{2CC93025-68B0-40C4-90AC-CFD9989BB0FD}.Release|Any CPU.ActiveCfg = Release|Any CPU
		{2CC93025-68B0-40C4-90AC-CFD9989BB0FD}.Release|Any CPU.Build.0 = Release|Any CPU
		{ED443624-3BCA-44A2-AD32-CEA9CD47E9A7}.Debug|Any CPU.ActiveCfg = Debug|Any CPU
		{ED443624-3BCA-44A2-AD32-CEA9CD47E9A7}.Debug|Any CPU.Build.0 = Debug|Any CPU
		{ED443624-3BCA-44A2-AD32-CEA9CD47E9A7}.Release|Any CPU.ActiveCfg = Release|Any CPU
		{ED443624-3BCA-44A2-AD32-CEA9CD47E9A7}.Release|Any CPU.Build.0 = Release|Any CPU
		{55EAF68B-2788-45A0-BECF-38DA3D7944C3}.Debug|Any CPU.ActiveCfg = Debug|Any CPU
		{55EAF68B-2788-45A0-BECF-38DA3D7944C3}.Debug|Any CPU.Build.0 = Debug|Any CPU
		{55EAF68B-2788-45A0-BECF-38DA3D7944C3}.Release|Any CPU.ActiveCfg = Release|Any CPU
		{55EAF68B-2788-45A0-BECF-38DA3D7944C3}.Release|Any CPU.Build.0 = Release|Any CPU
		{AFDCDF8C-9233-446D-88AF-4F3374A1A309}.Debug|Any CPU.ActiveCfg = Debug|Any CPU
		{AFDCDF8C-9233-446D-88AF-4F3374A1A309}.Debug|Any CPU.Build.0 = Debug|Any CPU
		{AFDCDF8C-9233-446D-88AF-4F3374A1A309}.Release|Any CPU.ActiveCfg = Release|Any CPU
		{AFDCDF8C-9233-446D-88AF-4F3374A1A309}.Release|Any CPU.Build.0 = Release|Any CPU
		{F44594DB-AE1D-42B6-8CCE-DAF8319E4B68}.Debug|Any CPU.ActiveCfg = Debug|Any CPU
		{F44594DB-AE1D-42B6-8CCE-DAF8319E4B68}.Debug|Any CPU.Build.0 = Debug|Any CPU
		{F44594DB-AE1D-42B6-8CCE-DAF8319E4B68}.Release|Any CPU.ActiveCfg = Release|Any CPU
		{F44594DB-AE1D-42B6-8CCE-DAF8319E4B68}.Release|Any CPU.Build.0 = Release|Any CPU
		{77A13DAD-7097-4A6C-AD52-613F8816CC82}.Debug|Any CPU.ActiveCfg = Debug|Any CPU
		{77A13DAD-7097-4A6C-AD52-613F8816CC82}.Debug|Any CPU.Build.0 = Debug|Any CPU
		{77A13DAD-7097-4A6C-AD52-613F8816CC82}.Release|Any CPU.ActiveCfg = Release|Any CPU
		{77A13DAD-7097-4A6C-AD52-613F8816CC82}.Release|Any CPU.Build.0 = Release|Any CPU
		{E6F613E6-7245-4D83-9ED3-D316DC66D0DE}.Debug|Any CPU.ActiveCfg = Debug|Any CPU
		{E6F613E6-7245-4D83-9ED3-D316DC66D0DE}.Debug|Any CPU.Build.0 = Debug|Any CPU
		{E6F613E6-7245-4D83-9ED3-D316DC66D0DE}.Release|Any CPU.ActiveCfg = Release|Any CPU
		{E6F613E6-7245-4D83-9ED3-D316DC66D0DE}.Release|Any CPU.Build.0 = Release|Any CPU
		{67662B60-8C55-4955-92EF-DACE657B68E7}.Debug|Any CPU.ActiveCfg = Debug|Any CPU
		{67662B60-8C55-4955-92EF-DACE657B68E7}.Debug|Any CPU.Build.0 = Debug|Any CPU
		{67662B60-8C55-4955-92EF-DACE657B68E7}.Release|Any CPU.ActiveCfg = Release|Any CPU
		{67662B60-8C55-4955-92EF-DACE657B68E7}.Release|Any CPU.Build.0 = Release|Any CPU
		{FFE2C801-DFAD-4E95-A25E-289DF324477A}.Debug|Any CPU.ActiveCfg = Debug|Any CPU
		{FFE2C801-DFAD-4E95-A25E-289DF324477A}.Debug|Any CPU.Build.0 = Debug|Any CPU
		{FFE2C801-DFAD-4E95-A25E-289DF324477A}.Release|Any CPU.ActiveCfg = Release|Any CPU
		{FFE2C801-DFAD-4E95-A25E-289DF324477A}.Release|Any CPU.Build.0 = Release|Any CPU
		{E4D0544A-3E7B-43CE-99E8-479436E85175}.Debug|Any CPU.ActiveCfg = Debug|Any CPU
		{E4D0544A-3E7B-43CE-99E8-479436E85175}.Debug|Any CPU.Build.0 = Debug|Any CPU
		{E4D0544A-3E7B-43CE-99E8-479436E85175}.Release|Any CPU.ActiveCfg = Release|Any CPU
		{E4D0544A-3E7B-43CE-99E8-479436E85175}.Release|Any CPU.Build.0 = Release|Any CPU
	EndGlobalSection
	GlobalSection(SolutionProperties) = preSolution
		HideSolutionNode = FALSE
	EndGlobalSection
	GlobalSection(ExtensibilityGlobals) = postSolution
		SolutionGuid = {35EEE734-96B0-4E94-A546-425719B5A35F}
	EndGlobalSection
EndGlobal
